
Microsoft Visual Studio Solution File, Format Version 12.00
# Visual Studio 15
VisualStudioVersion = 15.0.26621.2
MinimumVisualStudioVersion = 10.0.40219.1
Project("{9A19103F-16F7-4668-BE54-9A1E7A4F7556}") = "Motherlode.Common", "src\Motherlode.Common\Motherlode.Common.csproj", "{ED6BF240-F980-40DE-872E-211F3F50D831}"
EndProject
Project("{2150E333-8FDC-42A3-9474-1A3956D46DE8}") = "src", "src", "{92298081-FD71-4F66-90A1-C8B2A0E3C19A}"
EndProject
Project("{9A19103F-16F7-4668-BE54-9A1E7A4F7556}") = "Motherlode.Miners.Ewbf", "src\Motherlode.Miners.Ewbf\Motherlode.Miners.Ewbf.csproj", "{D166857B-482C-4092-894D-41F8184171A0}"
EndProject
Project("{2150E333-8FDC-42A3-9474-1A3956D46DE8}") = "Solution Items", "Solution Items", "{5BD2E467-EEC3-4366-8BD8-B4B12BF8A4D0}"
	ProjectSection(SolutionItems) = preProject
		.editorconfig = .editorconfig
		.gitattributes = .gitattributes
		.gitignore = .gitignore
		LICENSE.md = LICENSE.md
		nuget.config = nuget.config
		README.md = README.md
		roslynator.config = roslynator.config
	EndProjectSection
EndProject
Project("{9A19103F-16F7-4668-BE54-9A1E7A4F7556}") = "Motherlode.Web", "src\Motherlode.Web\Motherlode.Web.csproj", "{6CECA0F1-FE68-4600-9046-FBBCE893CFFB}"
EndProject
Project("{9A19103F-16F7-4668-BE54-9A1E7A4F7556}") = "Motherlode.Hardware.Graphics.Nvidia", "src\Motherlode.Hardware.Graphics.Nvidia\Motherlode.Hardware.Graphics.Nvidia.csproj", "{86DAE25D-43D9-4005-B952-C56918172C81}"
EndProject
Global
	GlobalSection(SolutionConfigurationPlatforms) = preSolution
		Debug|Any CPU = Debug|Any CPU
		Release|Any CPU = Release|Any CPU
	EndGlobalSection
	GlobalSection(ProjectConfigurationPlatforms) = postSolution
		{ED6BF240-F980-40DE-872E-211F3F50D831}.Debug|Any CPU.ActiveCfg = Debug|Any CPU
		{ED6BF240-F980-40DE-872E-211F3F50D831}.Debug|Any CPU.Build.0 = Debug|Any CPU
		{ED6BF240-F980-40DE-872E-211F3F50D831}.Release|Any CPU.ActiveCfg = Release|Any CPU
		{ED6BF240-F980-40DE-872E-211F3F50D831}.Release|Any CPU.Build.0 = Release|Any CPU
		{D166857B-482C-4092-894D-41F8184171A0}.Debug|Any CPU.ActiveCfg = Debug|Any CPU
		{D166857B-482C-4092-894D-41F8184171A0}.Debug|Any CPU.Build.0 = Debug|Any CPU
		{D166857B-482C-4092-894D-41F8184171A0}.Release|Any CPU.ActiveCfg = Release|Any CPU
		{D166857B-482C-4092-894D-41F8184171A0}.Release|Any CPU.Build.0 = Release|Any CPU
		{6CECA0F1-FE68-4600-9046-FBBCE893CFFB}.Debug|Any CPU.ActiveCfg = Debug|Any CPU
		{6CECA0F1-FE68-4600-9046-FBBCE893CFFB}.Debug|Any CPU.Build.0 = Debug|Any CPU
		{6CECA0F1-FE68-4600-9046-FBBCE893CFFB}.Release|Any CPU.ActiveCfg = Release|Any CPU
		{6CECA0F1-FE68-4600-9046-FBBCE893CFFB}.Release|Any CPU.Build.0 = Release|Any CPU
		{86DAE25D-43D9-4005-B952-C56918172C81}.Debug|Any CPU.ActiveCfg = Debug|Any CPU
		{86DAE25D-43D9-4005-B952-C56918172C81}.Debug|Any CPU.Build.0 = Debug|Any CPU
		{86DAE25D-43D9-4005-B952-C56918172C81}.Release|Any CPU.ActiveCfg = Release|Any CPU
		{86DAE25D-43D9-4005-B952-C56918172C81}.Release|Any CPU.Build.0 = Release|Any CPU
	EndGlobalSection
	GlobalSection(SolutionProperties) = preSolution
		HideSolutionNode = FALSE
	EndGlobalSection
	GlobalSection(NestedProjects) = preSolution
		{ED6BF240-F980-40DE-872E-211F3F50D831} = {92298081-FD71-4F66-90A1-C8B2A0E3C19A}
		{D166857B-482C-4092-894D-41F8184171A0} = {92298081-FD71-4F66-90A1-C8B2A0E3C19A}
		{6CECA0F1-FE68-4600-9046-FBBCE893CFFB} = {92298081-FD71-4F66-90A1-C8B2A0E3C19A}
		{86DAE25D-43D9-4005-B952-C56918172C81} = {92298081-FD71-4F66-90A1-C8B2A0E3C19A}
	EndGlobalSection
	GlobalSection(ExtensibilityGlobals) = postSolution
		SolutionGuid = {4C87E9D9-C6AA-4F2D-8AAD-13E581FBA6C2}
	EndGlobalSection
EndGlobal
